github.com/bazelbuild/bazel-gazelle v0.40.0 h1:SAYys3KRG5i3KTgQAvO423bLT1rQMSgqEKReMkM/CW0=
github.com/bazelbuild/bazel-gazelle v0.40.0/go.mod h1:xI42W5YdKQg0g3rj1jZfdW8j1UihNmvb5KwWDdHg2ec=
github.com/bazelbuild/bazel-gazelle v0.41.0 h1:blh57YCxe3QNFbzRtEuLxaak+f5KYSQynznGnUNDRc4=
github.com/bazelbuild/bazel-gazelle v0.41.0/go.mod h1:SRCc60YGZ27y+BqLzQ+nMh249+FyZz7YtX/V2ng+/z4=
github.com/bazelbuild/bazel-gazelle v0.42.0 h1:BpkUzE3H2l6buJYFTKgzVMecJimQgWwYud25qVIx0SQ=
github.com/bazelbuild/bazel-gazelle v0.42.0/go.mod h1:SRCc60YGZ27y+BqLzQ+nMh249+FyZz7YtX/V2ng+/z4=
github.com/bazelbuild/bazel-gazelle v0.43.0 h1:NQmf8f7+7OcecUdnAgYoPete6RzAutjEuYjNhE9LU68=
github.com/bazelbuild/bazel-gazelle v0.43.0/go.mod h1:SRCc60YGZ27y+BqLzQ+nMh249+FyZz7YtX/V2ng+/z4=
github.com/bazelbuild/bazel-gazelle v0.44.0 h1:+z0ri9qQgeo7sZxntJpNl6U67gOo3URbuCjoqCk8c04=
github.com/bazelbuild/bazel-gazelle v0.44.0/go.mod h1:SRCc60YGZ27y+BqLzQ+nMh249+FyZz7YtX/V2ng+/z4=
github.com/bazelbuild/buildtools v0.0.0-20250121133043-54b4ddb7cbbf h1:Ihrs0tW7tHkqwPtmL75r1+rZmZgUuwqeaHG+AZE/vGw=
github.com/bazelbuild/buildtools v0.0.0-20250121133043-54b4ddb7cbbf/go.mod h1:PLNUetjLa77TCCziPsz0EI8a6CUxgC+1jgmWv0H25tg=
github.com/bazelbuild/buildtools v0.0.0-20250122150430-a84ab464140c h1:2xZh3m/693P4uNhTz5WGfTnL6e8wqUZVhzW8yEIpnxc=
github.com/bazelbuild/buildtools v0.0.0-20250122150430-a84ab464140c/go.mod h1:PLNUetjLa77TCCziPsz0EI8a6CUxgC+1jgmWv0H25tg=
github.com/bazelbuild/buildtools v0.0.0-20250128121225-1d7634006480 h1:roY1wEc6EAldFDRBDXI+9XU7ej5Bc4nFvCmMaucP8W4=
github.com/bazelbuild/buildtools v0.0.0-20250128121225-1d7634006480/go.mod h1:PLNUetjLa77TCCziPsz0EI8a6CUxgC+1jgmWv0H25tg=
github.com/bazelbuild/buildtools v0.0.0-20250130132114-635c1223b1e6 h1:WII9so3DyHOAiK23xo1WgO/7M0qonj525m49bMi39/c=
github.com/bazelbuild/buildtools v0.0.0-20250130132114-635c1223b1e6/go.mod h1:PLNUetjLa77TCCziPsz0EI8a6CUxgC+1jgmWv0H25tg=
github.com/bazelbuild/buildtools v0.0.0-20250204160707-ad48c76ab9b5 h1:ls2GvHSkr+EXNZBBGVrPewx3nc54YBHCHd6v4BOlz9g=
github.com/bazelbuild/buildtools v0.0.0-20250204160707-ad48c76ab9b5/go.mod h1:PLNUetjLa77TCCziPsz0EI8a6CUxgC+1jgmWv0H25tg=
github.com/bazelbuild/buildtools v0.0.0-20250305131259-7cb8bf637408 h1:PqYVgvY9WmibDSLd53RNRde3/9BlS6Bw8wmMAwwhfAE=
github.com/bazelbuild/buildtools v0.0.0-20250305131259-7cb8bf637408/go.mod h1:PLNUetjLa77TCCziPsz0EI8a6CUxgC+1jgmWv0H25tg=
github.com/bazelbuild/buildtools v0.0.0-20250306161121-931d76d6a639 h1:Up/GbniKEHbEAnSkba0HGH1Cxb7tivDNN1DfVHUeIjo=
github.com/bazelbuild/buildtools v0.0.0-20250306161121-931d76d6a639/go.mod h1:PLNUetjLa77TCCziPsz0EI8a6CUxgC+1jgmWv0H25tg=
github.com/bazelbuild/buildtools v0.0.0-20250312151547-737aaf84facd h1:U0f9x3nV8VZhNJNUIByyEZvgxyDGaqgxObDOPANAVXk=
github.com/bazelbuild/buildtools v0.0.0-20250312151547-737aaf84facd/go.mod h1:PLNUetjLa77TCCziPsz0EI8a6CUxgC+1jgmWv0H25tg=
github.com/bazelbuild/buildtools v0.0.0-20250321233542-ee6c0a33bee5 h1:P+tXm5ICiE0HIXOuxiKdFYgj5ZHOZ76Ic0Rl2VniAPs=
github.com/bazelbuild/buildtools v0.0.0-20250321233542-ee6c0a33bee5/go.mod h1:PLNUetjLa77TCCziPsz0EI8a6CUxgC+1jgmWv0H25tg=
github.com/bazelbuild/buildtools v0.0.0-20250326091033-f79c8eafbddd h1:IEd6eE1VADgrYwafzjlx+Zf0qsjGztL1pqWqW2/2Tfo=
github.com/bazelbuild/buildtools v0.0.0-20250326091033-f79c8eafbddd/go.mod h1:PLNUetjLa77TCCziPsz0EI8a6CUxgC+1jgmWv0H25tg=
github.com/bazelbuild/buildtools v0.0.0-20250403134630-c98d8e8051d1 h1:YdfLmBhDuNfdoi1YCOV28UnGp+6xnwT/DcZEqYnxYN0=
github.com/bazelbuild/buildtools v0.0.0-20250403134630-c98d8e8051d1/go.mod h1:PLNUetjLa77TCCziPsz0EI8a6CUxgC+1jgmWv0H25tg=
github.com/bazelbuild/buildtools v0.0.0-20250404141143-f963a9712147 h1:ZBUNa/l43NNUF68fymW+ByWbVF1/06ZTZbIZC1g5Pxc=
github.com/bazelbuild/buildtools v0.0.0-20250404141143-f963a9712147/go.mod h1:PLNUetjLa77TCCziPsz0EI8a6CUxgC+1jgmWv0H25tg=
github.com/bazelbuild/buildtools v0.0.0-20250410121944-16e6ff5138ea h1:gCYuirF7kgjdV/9mn2Kybvt0bVKGfiEZRXMjYC1OJdw=
github.com/bazelbuild/buildtools v0.0.0-20250410121944-16e6ff5138ea/go.mod h1:PLNUetjLa77TCCziPsz0EI8a6CUxgC+1jgmWv0H25tg=
github.com/bazelbuild/buildtools v0.0.0-20250410144851-f37c35dc3237 h1:C89DTMD6dcAnRfQot1V0jMlFPkkypSD1xQBzrzJfknY=
github.com/bazelbuild/buildtools v0.0.0-20250410144851-f37c35dc3237/go.mod h1:PLNUetjLa77TCCziPsz0EI8a6CUxgC+1jgmWv0H25tg=
github.com/bazelbuild/buildtools v0.0.0-20250425194247-5b1eeddb4737 h1:YGwvpmWYJARda8hDYLojhrvYWrxQtb0CPOL5ejZyGAo=
github.com/bazelbuild/buildtools v0.0.0-20250425194247-5b1eeddb4737/go.mod h1:PLNUetjLa77TCCziPsz0EI8a6CUxgC+1jgmWv0H25tg=
github.com/bazelbuild/buildtools v0.0.0-20250427233527-d9ed52af26ee h1:bCB8uzOXSBWZk4Ss6zaoLjeSU0ZzrykiwDOR31KF4ak=
github.com/bazelbuild/buildtools v0.0.0-20250427233527-d9ed52af26ee/go.mod h1:PLNUetjLa77TCCziPsz0EI8a6CUxgC+1jgmWv0H25tg=
github.com/bazelbuild/buildtools v0.0.0-20250522160846-9a75f394f94b h1:c2bWPeRUcEwJ1GLk/yLXnpBeBYSOjwdlEvb8kZVvuHI=
github.com/bazelbuild/buildtools v0.0.0-20250522160846-9a75f394f94b/go.mod h1:PLNUetjLa77TCCziPsz0EI8a6CUxgC+1jgmWv0H25tg=
github.com/bazelbuild/buildtools v0.0.0-20250527093549-9029539f409b h1:iUEdh4EmXRE/VcTbqF3Elt6IKv7fI4v6kvzO5OC3znI=
github.com/bazelbuild/buildtools v0.0.0-20250527093549-9029539f409b/go.mod h1:PLNUetjLa77TCCziPsz0EI8a6CUxgC+1jgmWv0H25tg=
github.com/bazelbuild/buildtools v0.0.0-20250528073601-fdebdb3800e7 h1:DwSCyfDONZ16AnUAmwhhj/fXJwrQZwzgUFnXH33EC34=
github.com/bazelbuild/buildtools v0.0.0-20250528073601-fdebdb3800e7/go.mod h1:PLNUetjLa77TCCziPsz0EI8a6CUxgC+1jgmWv0H25tg=
github.com/bazelbuild/buildtools v0.0.0-20250530102019-b02f80d9ea9c h1:nrWEwyf4cOQNry6qdxHVRpdxNeslO37+wGnG0CUTKRo=
github.com/bazelbuild/buildtools v0.0.0-20250530102019-b02f80d9ea9c/go.mod h1:PLNUetjLa77TCCziPsz0EI8a6CUxgC+1jgmWv0H25tg=
github.com/bazelbuild/buildtools v0.0.0-20250602201422-b1e23f1025b8 h1:Ao/uZcGyf1WZBh1eSLGG50c6geDWFjqAgjX8Rxvfmgc=
github.com/bazelbuild/buildtools v0.0.0-20250602201422-b1e23f1025b8/go.mod h1:PLNUetjLa77TCCziPsz0EI8a6CUxgC+1jgmWv0H25tg=
github.com/bazelbuild/buildtools v0.0.0-20250613144157-34c392ac4bc2 h1:eg8DpO7nQDX5RA69a6K6OPDLQwrWcAsmmqKQ49TIggs=
github.com/bazelbuild/buildtools v0.0.0-20250613144157-34c392ac4bc2/go.mod h1:PLNUetjLa77TCCziPsz0EI8a6CUxgC+1jgmWv0H25tg=
github.com/bazelbuild/buildtools v0.0.0-20250624113444-a2a20c9c1c7c h1:3tilgNRTyYZMBj940zCuS5Wf1M5NgHdev6OK/rR5s+k=
github.com/bazelbuild/buildtools v0.0.0-20250624113444-a2a20c9c1c7c/go.mod h1:PLNUetjLa77TCCziPsz0EI8a6CUxgC+1jgmWv0H25tg=
github.com/bazelbuild/buildtools v0.0.0-20250703141324-fdc626802fbc h1:gyj4Ms1KxDpopbLXXAx9cG2rzBrRBCOAjWUD/qOMd14=
github.com/bazelbuild/buildtools v0.0.0-20250703141324-fdc626802fbc/go.mod h1:PLNUetjLa77TCCziPsz0EI8a6CUxgC+1jgmWv0H25tg=
github.com/bazelbuild/buildtools v0.0.0-20250715102656-62b9413b08bb h1:KCEfAAZ5hZH+CEMzShOZ4nCro20Ohf6whugQc2PLZiM=
github.com/bazelbuild/buildtools v0.0.0-20250715102656-62b9413b08bb/go.mod h1:PLNUetjLa77TCCziPsz0EI8a6CUxgC+1jgmWv0H25tg=
github.com/bazelbuild/rules_go v0.52.0 h1:+ozpngVAW67pCAwfhepaXSSrG3yHcj8K9hNAxSYBno4=
github.com/bazelbuild/rules_go v0.52.0/go.mod h1:M+YrupNArA7OiTlv++rFUgQ6Sm+ZXbQ5HPUj0cGa0us=
github.com/bazelbuild/rules_go v0.53.0 h1:u160DT+RRb+Xb2aSO4piN8xhs4aZvWz2UDXCq48F4ao=
github.com/bazelbuild/rules_go v0.53.0/go.mod h1:xB1jfsYHWlnZyPPxzlOSst4q2ZAwS251Mp9Iw6TPuBc=
github.com/bazelbuild/rules_go v0.54.0 h1:D9aCU7j5rdRxg2rXOZX5zHZ395XC0KbgC4rnyaQ3ofM=
github.com/bazelbuild/rules_go v0.54.0/go.mod h1:T90Gpyq4HDFlsrvtQa2CBdHNJ2P4rAu/uUTmQbanzf0=
github.com/bazelbuild/rules_go v0.54.1 h1:A12Q//Zw0qIA/oemDiXHdqJCWE5ea2JtZNLSdf0C3yE=
github.com/bazelbuild/rules_go v0.54.1/go.mod h1:T90Gpyq4HDFlsrvtQa2CBdHNJ2P4rAu/uUTmQbanzf0=
github.com/bazelbuild/rules_go v0.55.0 h1:S8X/b/Oygw/Dtv7NuyW7ht0QwdynMEdXQqYigX5A1KY=
github.com/bazelbuild/rules_go v0.55.0/go.mod h1:T90Gpyq4HDFlsrvtQa2CBdHNJ2P4rAu/uUTmQbanzf0=
github.com/bazelbuild/rules_go v0.55.1 h1:cQYGcunY8myOB+0Ym6PGQRhc/milkRcNv0my3XgxaDU=
github.com/bazelbuild/rules_go v0.55.1/go.mod h1:T90Gpyq4HDFlsrvtQa2CBdHNJ2P4rAu/uUTmQbanzf0=
github.com/google/go-cmp v0.6.0 h1:ofyhxvXcZhMsU5ulbFiLKl/XBFqE1GSq7atu8tAmTRI=
github.com/google/go-cmp v0.6.0/go.mod h1:17dUlkBOakJ0+DkrSSNjCkIjxS6bF9zb3elmeNGIjoY=
github.com/google/go-cmp v0.7.0 h1:wk8382ETsv4JYUZwIsn6YpYiWiBsYLSJiTsyBybVuN8=
github.com/google/go-cmp v0.7.0/go.mod h1:pXiqmnSA92OHEEa9HXL2W4E7lf9JzCmGVUdgjX3N/iU=
golang.org/x/mod v0.21.0 h1:vvrHzRwRfVKSiLrG+d4FMl/Qi4ukBCE6kZlTUkDYRT0=
golang.org/x/mod v0.21.0/go.mod h1:6SkKJ3Xj0I0BrPOZoBy3bdMptDDU9oJrpohJ3eWZ1fY=
golang.org/x/mod v0.23.0 h1:Zb7khfcRGKk+kqfxFaP5tZqCnDZMjC5VtUBs87Hr6QM=
golang.org/x/mod v0.23.0/go.mod h1:6SkKJ3Xj0I0BrPOZoBy3bdMptDDU9oJrpohJ3eWZ1fY=
golang.org/x/sys v0.26.0 h1:KHjCJyddX0LoSTb3J+vWpupP9p0oznkqVk/IfjymZbo=
golang.org/x/sys v0.26.0/go.mod h1:/VUhepiaJMQUp4+oa/7Zr1D23ma6VTLIYjOOTFZPUcA=
golang.org/x/sys v0.28.0 h1:Fksou7UEQUWlKvIdsqzJmUmCX3cZuD2+P3XyyzwMhlA=
golang.org/x/sys v0.28.0/go.mod h1:/VUhepiaJMQUp4+oa/7Zr1D23ma6VTLIYjOOTFZPUcA=
golang.org/x/sys v0.30.0 h1:QjkSwP/36a20jFYWkSue1YwXzLmsV5Gfq7Eiy72C1uc=
golang.org/x/sys v0.30.0/go.mod h1:/VUhepiaJMQUp4+oa/7Zr1D23ma6VTLIYjOOTFZPUcA=
golang.org/x/tools/go/vcs v0.1.0-deprecated h1:cOIJqWBl99H1dH5LWizPa+0ImeeJq3t3cJjaeOWUAL4=
golang.org/x/tools/go/vcs v0.1.0-deprecated/go.mod h1:zUrvATBAvEI9535oC0yWYsLsHIV4Z7g63sNPVMtuBy8=
