#
# This file is autogenerated by pip-compile with Python 3.12
# by the following command:
#
#    bazel run //dev:requirements.update
#
astroid==3.3.8 \
    --hash=sha256:187ccc0c248bfbba564826c26f070494f7bc964fd286b6d9fff4420e55de828c \
    --hash=sha256:a88c7994f914a4ea8572fac479459f4955eeccc877be3f2d959a33273b0cf40b
    # via pylint
colorama==0.4.5 \
    --hash=sha256:854bf444933e37f5824ae7bfc1e98d5bce2ebe4160d46b5edf346a89358e99da \
    --hash=sha256:e6c6b4334fc50988a639d9b98aa429a0b57da6e17b9a44f0451f930b6967b7a4
    # via pylint
commonmark==0.9.1 \
    --hash=sha256:452f9dc859be7f06631ddcb328b6919c67984aca654e5fefb3914d54691aed60 \
    --hash=sha256:da2f38c92590f83de410ba1a3cbceafbc74fee9def35f9251ba9a971d6d66fd9
    # via -r dev/requirements.txt
dill==0.3.9 \
    --hash=sha256:468dff3b89520b474c0397703366b7b95eebe6303f108adf9b19da1f702be87a \
    --hash=sha256:81aa267dddf68cbfe8029c42ca9ec6a4ab3b22371d1c450abc54422577b4512c
    # via pylint
isort==5.10.1 \
    --hash=sha256:6f62d78e2f89b4500b080fe3a81690850cd254227f27f75c3a0c491a1f351ba7 \
    --hash=sha256:e8443a5e7a020e9d7f97f1d7d9cd17c88bcb3bc7e218bf9cf5095fe550be2951
    # via pylint
mccabe==0.6.1 \
    --hash=sha256:ab8a6258860da4b6677da4bd2fe5dc2c659cff31b3ee4f7f5d64e79735b80d42 \
    --hash=sha256:dd8d182285a0fe56bace7f45b5e7d1a6ebcbf524e8f3bd87eb0f125271b8831f
    # via pylint
platformdirs==2.4.0 \
    --hash=sha256:367a5e80b3d04d2428ffa76d33f124cf11e8fff2acdaa9b43d545f5c7d661ef2 \
    --hash=sha256:8868bbe3c3c80d42f20156f22e7131d2fb321f5bc86a2a345375c6481a67021d
    # via pylint
pylint==3.3.8 \
    --hash=sha256:26698de19941363037e2937d3db9ed94fb3303fdadf7d98847875345a8bb6b05 \
    --hash=sha256:7ef94aa692a600e82fabdd17102b73fc226758218c97473c7ad67bd4cb905d83
    # via -r dev/requirements.txt
tomlkit==0.11.0 \
    --hash=sha256:0f4050db66fd445b885778900ce4dd9aea8c90c4721141fde0d6ade893820ef1 \
    --hash=sha256:71ceb10c0eefd8b8f11fe34e8a51ad07812cb1dc3de23247425fbc9ddc47b9dd
    # via pylint
types-commonmark==0.9.2.20250330 \
    --hash=sha256:6c5d27e978cb36d7ad058c178a957ad8187ec9bb30700d671e9a099ae2873750 \
    --hash=sha256:d1ea71e8a0810339797237ccfb6ea1a48d4ceb7139948252badaeb1a0bb642a8
    # via -r dev/requirements.txt
